
Microsoft Visual Studio Solution File, Format Version 12.00
# Visual Studio 14
VisualStudioVersion = 14.0.25420.1
MinimumVisualStudioVersion = 10.0.40219.1
Project("{FAE04EC0-301F-11D3-BF4B-00C04F79EFBC}") = "GoogleAnalyticsReportingAPIWrapper", "GoogleAnalyticsReportingAPIWrapper\GoogleAnalyticsReportingAPIWrapper.csproj", "{06397ED9-A06E-4172-A2D0-A4A30B9D6B9C}"
EndProject
Project("{FAE04EC0-301F-11D3-BF4B-00C04F79EFBC}") = "WrapperConsole", "WrapperConsole\WrapperConsole.csproj", "{7D3E28FE-29CA-4C98-B856-F092F5A8F989}"
EndProject
Global
	GlobalSection(SolutionConfigurationPlatforms) = preSolution
		Debug|Any CPU = Debug|Any CPU
		Release|Any CPU = Release|Any CPU
	EndGlobalSection
	GlobalSection(ProjectConfigurationPlatforms) = postSolution
		{06397ED9-A06E-4172-A2D0-A4A30B9D6B9C}.Debug|Any CPU.ActiveCfg = Debug|Any CPU
		{06397ED9-A06E-4172-A2D0-A4A30B9D6B9C}.Debug|Any CPU.Build.0 = Debug|Any CPU
		{06397ED9-A06E-4172-A2D0-A4A30B9D6B9C}.Release|Any CPU.ActiveCfg = Release|Any CPU
		{06397ED9-A06E-4172-A2D0-A4A30B9D6B9C}.Release|Any CPU.Build.0 = Release|Any CPU
		{7D3E28FE-29CA-4C98-B856-F092F5A8F989}.Debug|Any CPU.ActiveCfg = Debug|Any CPU
		{7D3E28FE-29CA-4C98-B856-F092F5A8F989}.Debug|Any CPU.Build.0 = Debug|Any CPU
		{7D3E28FE-29CA-4C98-B856-F092F5A8F989}.Release|Any CPU.ActiveCfg = Release|Any CPU
		{7D3E28FE-29CA-4C98-B856-F092F5A8F989}.Release|Any CPU.Build.0 = Release|Any CPU
	EndGlobalSection
	GlobalSection(SolutionProperties) = preSolution
		HideSolutionNode = FALSE
	EndGlobalSection
EndGlobal
